
Microsoft Visual Studio Solution File, Format Version 12.00
Project("{FAE04EC0-301F-11D3-BF4B-00C04F79EFBC}") = "Core", "Core\Core.csproj", "{802ED56B-04A4-4DBC-9E3E-471B55AAEEE6}"
EndProject
Project("{FAE04EC0-301F-11D3-BF4B-00C04F79EFBC}") = "Application", "Application\Application.csproj", "{7BC4B1F2-5D48-426E-B46A-17307E15208D}"
EndProject
Project("{FAE04EC0-301F-11D3-BF4B-00C04F79EFBC}") = "Queries", "Queries\Queries.csproj", "{82042C8A-A972-491F-8145-9CCB2D1BBBE1}"
EndProject
Project("{FAE04EC0-301F-11D3-BF4B-00C04F79EFBC}") = "Data.Sql", "Data.Sql\Data.Sql.csproj", "{BEEC0CFE-58C5-41A4-9E1C-4763FBBFAD4D}"
EndProject
Project("{2150E333-8FDC-42A3-9474-1A3956D46DE8}") = "Providers", "Providers", "{8B83096F-0E19-4F0D-A575-164F5DAE5630}"
EndProject
Project("{2150E333-8FDC-42A3-9474-1A3956D46DE8}") = "Sms", "Sms", "{488D7F58-D96D-4703-805C-94A32C90EF4D}"
EndProject
Project("{FAE04EC0-301F-11D3-BF4B-00C04F79EFBC}") = "Sms.Magfa", "Providers\Sms\Sms.Magfa\Sms.Magfa.csproj", "{ED924C8A-CC51-4E73-8832-D950B71A5CD9}"
EndProject
Project("{FAE04EC0-301F-11D3-BF4B-00C04F79EFBC}") = "Sms.Persiafava", "Providers\Sms\Sms.Persiafava\Sms.Persiafava.csproj", "{1661A112-03FA-4C5A-8D98-594A048DDD5B}"
EndProject
Project("{FAE04EC0-301F-11D3-BF4B-00C04F79EFBC}") = "Sms.Ssmss", "Providers\Sms\Sms.Ssmss\Sms.Ssmss.csproj", "{301750B8-0149-4A16-9A49-503E74704B75}"
EndProject
Project("{2150E333-8FDC-42A3-9474-1A3956D46DE8}") = "Data", "Data", "{F0E72AD2-4AB5-40E7-A133-0E72E05C3713}"
EndProject
Project("{FAE04EC0-301F-11D3-BF4B-00C04F79EFBC}") = "Data.InMemory", "Data.InMemory\Data.InMemory.csproj", "{99ED6F34-7999-49E2-BDE9-10BA3BE97668}"
EndProject
Project("{2150E333-8FDC-42A3-9474-1A3956D46DE8}") = "PushNotification", "PushNotification", "{3DBAAE45-9AB6-45AA-BBDA-018C8F18AFCD}"
EndProject
Project("{2150E333-8FDC-42A3-9474-1A3956D46DE8}") = "Email", "Email", "{BFC42C3C-0927-4DC1-B23D-405EDE1D6889}"
EndProject
Project("{2150E333-8FDC-42A3-9474-1A3956D46DE8}") = "Docs", "Docs", "{4FC89A0D-8783-4C29-8128-A228447288B6}"
	ProjectSection(SolutionItems) = preProject
		Readme.MD = Readme.MD
	EndProjectSection
EndProject
Project("{2150E333-8FDC-42A3-9474-1A3956D46DE8}") = "Docker", "Docker", "{FD7B1B62-F398-4A4F-A426-DD55F76A1A3E}"
	ProjectSection(SolutionItems) = preProject
		Dockerfile = Dockerfile
		.dockerignore = .dockerignore
	EndProjectSection
EndProject
Project("{FAE04EC0-301F-11D3-BF4B-00C04F79EFBC}") = "Email.Tes", "Providers\Email.Tes\Email.Tes.csproj", "{9CC1D995-48FD-4E60-9B16-BD5B0745EB94}"
EndProject
Project("{FAE04EC0-301F-11D3-BF4B-00C04F79EFBC}") = "Sms.Jiring", "Providers\Sms\Sms.Jiring\Sms.Jiring.csproj", "{ABEDF2F6-752E-45C3-84D7-59F97606051D}"
EndProject
Global
	GlobalSection(SolutionConfigurationPlatforms) = preSolution
		Debug|Any CPU = Debug|Any CPU
		Release|Any CPU = Release|Any CPU
	EndGlobalSection
	GlobalSection(ProjectConfigurationPlatforms) = postSolution
		{802ED56B-04A4-4DBC-9E3E-471B55AAEEE6}.Debug|Any CPU.ActiveCfg = Debug|Any CPU
		{802ED56B-04A4-4DBC-9E3E-471B55AAEEE6}.Debug|Any CPU.Build.0 = Debug|Any CPU
		{802ED56B-04A4-4DBC-9E3E-471B55AAEEE6}.Release|Any CPU.ActiveCfg = Release|Any CPU
		{802ED56B-04A4-4DBC-9E3E-471B55AAEEE6}.Release|Any CPU.Build.0 = Release|Any CPU
		{7BC4B1F2-5D48-426E-B46A-17307E15208D}.Debug|Any CPU.ActiveCfg = Debug|Any CPU
		{7BC4B1F2-5D48-426E-B46A-17307E15208D}.Debug|Any CPU.Build.0 = Debug|Any CPU
		{7BC4B1F2-5D48-426E-B46A-17307E15208D}.Release|Any CPU.ActiveCfg = Release|Any CPU
		{7BC4B1F2-5D48-426E-B46A-17307E15208D}.Release|Any CPU.Build.0 = Release|Any CPU
		{82042C8A-A972-491F-8145-9CCB2D1BBBE1}.Debug|Any CPU.ActiveCfg = Debug|Any CPU
		{82042C8A-A972-491F-8145-9CCB2D1BBBE1}.Debug|Any CPU.Build.0 = Debug|Any CPU
		{82042C8A-A972-491F-8145-9CCB2D1BBBE1}.Release|Any CPU.ActiveCfg = Release|Any CPU
		{82042C8A-A972-491F-8145-9CCB2D1BBBE1}.Release|Any CPU.Build.0 = Release|Any CPU
		{BEEC0CFE-58C5-41A4-9E1C-4763FBBFAD4D}.Debug|Any CPU.ActiveCfg = Debug|Any CPU
		{BEEC0CFE-58C5-41A4-9E1C-4763FBBFAD4D}.Debug|Any CPU.Build.0 = Debug|Any CPU
		{BEEC0CFE-58C5-41A4-9E1C-4763FBBFAD4D}.Release|Any CPU.ActiveCfg = Release|Any CPU
		{BEEC0CFE-58C5-41A4-9E1C-4763FBBFAD4D}.Release|Any CPU.Build.0 = Release|Any CPU
		{ED924C8A-CC51-4E73-8832-D950B71A5CD9}.Debug|Any CPU.ActiveCfg = Debug|Any CPU
		{ED924C8A-CC51-4E73-8832-D950B71A5CD9}.Debug|Any CPU.Build.0 = Debug|Any CPU
		{ED924C8A-CC51-4E73-8832-D950B71A5CD9}.Release|Any CPU.ActiveCfg = Release|Any CPU
		{ED924C8A-CC51-4E73-8832-D950B71A5CD9}.Release|Any CPU.Build.0 = Release|Any CPU
		{1661A112-03FA-4C5A-8D98-594A048DDD5B}.Debug|Any CPU.ActiveCfg = Debug|Any CPU
		{1661A112-03FA-4C5A-8D98-594A048DDD5B}.Debug|Any CPU.Build.0 = Debug|Any CPU
		{1661A112-03FA-4C5A-8D98-594A048DDD5B}.Release|Any CPU.ActiveCfg = Release|Any CPU
		{1661A112-03FA-4C5A-8D98-594A048DDD5B}.Release|Any CPU.Build.0 = Release|Any CPU
		{301750B8-0149-4A16-9A49-503E74704B75}.Debug|Any CPU.ActiveCfg = Debug|Any CPU
		{301750B8-0149-4A16-9A49-503E74704B75}.Debug|Any CPU.Build.0 = Debug|Any CPU
		{301750B8-0149-4A16-9A49-503E74704B75}.Release|Any CPU.ActiveCfg = Release|Any CPU
		{301750B8-0149-4A16-9A49-503E74704B75}.Release|Any CPU.Build.0 = Release|Any CPU
		{99ED6F34-7999-49E2-BDE9-10BA3BE97668}.Debug|Any CPU.ActiveCfg = Debug|Any CPU
		{99ED6F34-7999-49E2-BDE9-10BA3BE97668}.Debug|Any CPU.Build.0 = Debug|Any CPU
		{99ED6F34-7999-49E2-BDE9-10BA3BE97668}.Release|Any CPU.ActiveCfg = Release|Any CPU
		{99ED6F34-7999-49E2-BDE9-10BA3BE97668}.Release|Any CPU.Build.0 = Release|Any CPU
		{9CC1D995-48FD-4E60-9B16-BD5B0745EB94}.Debug|Any CPU.ActiveCfg = Debug|Any CPU
		{9CC1D995-48FD-4E60-9B16-BD5B0745EB94}.Debug|Any CPU.Build.0 = Debug|Any CPU
		{9CC1D995-48FD-4E60-9B16-BD5B0745EB94}.Release|Any CPU.ActiveCfg = Release|Any CPU
		{9CC1D995-48FD-4E60-9B16-BD5B0745EB94}.Release|Any CPU.Build.0 = Release|Any CPU
		{ABEDF2F6-752E-45C3-84D7-59F97606051D}.Debug|Any CPU.ActiveCfg = Debug|Any CPU
		{ABEDF2F6-752E-45C3-84D7-59F97606051D}.Debug|Any CPU.Build.0 = Debug|Any CPU
		{ABEDF2F6-752E-45C3-84D7-59F97606051D}.Release|Any CPU.ActiveCfg = Release|Any CPU
		{ABEDF2F6-752E-45C3-84D7-59F97606051D}.Release|Any CPU.Build.0 = Release|Any CPU
	EndGlobalSection
	GlobalSection(NestedProjects) = preSolution
		{488D7F58-D96D-4703-805C-94A32C90EF4D} = {8B83096F-0E19-4F0D-A575-164F5DAE5630}
		{ED924C8A-CC51-4E73-8832-D950B71A5CD9} = {488D7F58-D96D-4703-805C-94A32C90EF4D}
		{1661A112-03FA-4C5A-8D98-594A048DDD5B} = {488D7F58-D96D-4703-805C-94A32C90EF4D}
		{301750B8-0149-4A16-9A49-503E74704B75} = {488D7F58-D96D-4703-805C-94A32C90EF4D}
		{BEEC0CFE-58C5-41A4-9E1C-4763FBBFAD4D} = {F0E72AD2-4AB5-40E7-A133-0E72E05C3713}
		{99ED6F34-7999-49E2-BDE9-10BA3BE97668} = {F0E72AD2-4AB5-40E7-A133-0E72E05C3713}
		{3DBAAE45-9AB6-45AA-BBDA-018C8F18AFCD} = {8B83096F-0E19-4F0D-A575-164F5DAE5630}
		{BFC42C3C-0927-4DC1-B23D-405EDE1D6889} = {8B83096F-0E19-4F0D-A575-164F5DAE5630}
		{82042C8A-A972-491F-8145-9CCB2D1BBBE1} = {F0E72AD2-4AB5-40E7-A133-0E72E05C3713}
		{9CC1D995-48FD-4E60-9B16-BD5B0745EB94} = {BFC42C3C-0927-4DC1-B23D-405EDE1D6889}
		{ABEDF2F6-752E-45C3-84D7-59F97606051D} = {488D7F58-D96D-4703-805C-94A32C90EF4D}
	EndGlobalSection
EndGlobal
