
Microsoft Visual Studio Solution File, Format Version 12.00
Project("{FAE04EC0-301F-11D3-BF4B-00C04F79EFBC}") = "Core", "Core\Core.csproj", "{802ED56B-04A4-4DBC-9E3E-471B55AAEEE6}"
EndProject
Global
	GlobalSection(SolutionConfigurationPlatforms) = preSolution
		Debug|Any CPU = Debug|Any CPU
		Release|Any CPU = Release|Any CPU
	EndGlobalSection
	GlobalSection(ProjectConfigurationPlatforms) = postSolution
		{802ED56B-04A4-4DBC-9E3E-471B55AAEEE6}.Debug|Any CPU.ActiveCfg = Debug|Any CPU
		{802ED56B-04A4-4DBC-9E3E-471B55AAEEE6}.Debug|Any CPU.Build.0 = Debug|Any CPU
		{802ED56B-04A4-4DBC-9E3E-471B55AAEEE6}.Release|Any CPU.ActiveCfg = Release|Any CPU
		{802ED56B-04A4-4DBC-9E3E-471B55AAEEE6}.Release|Any CPU.Build.0 = Release|Any CPU
	EndGlobalSection
EndGlobal
